
Microsoft Visual Studio Solution File, Format Version 12.00
# Visual Studio 14
VisualStudioVersion = 14.0.25420.1
MinimumVisualStudioVersion = 10.0.40219.1
Project("{FAE04EC0-301F-11D3-BF4B-00C04F79EFBC}") = "WebApi", "WebApi\WebApi.csproj", "{A5173C5F-72D4-4133-88C8-78DF053F2C09}"
EndProject
Project("{FAE04EC0-301F-11D3-BF4B-00C04F79EFBC}") = "Tests", "Tests\Tests.csproj", "{0600C87D-12CC-47A9-BC40-7B6A7B68E217}"
EndProject
Global
	GlobalSection(SolutionConfigurationPlatforms) = preSolution
		Debug|Any CPU = Debug|Any CPU
		Release|Any CPU = Release|Any CPU
	EndGlobalSection
	GlobalSection(ProjectConfigurationPlatforms) = postSolution
		{A5173C5F-72D4-4133-88C8-78DF053F2C09}.Debug|Any CPU.ActiveCfg = Debug|Any CPU
		{A5173C5F-72D4-4133-88C8-78DF053F2C09}.Debug|Any CPU.Build.0 = Debug|Any CPU
		{A5173C5F-72D4-4133-88C8-78DF053F2C09}.Release|Any CPU.ActiveCfg = Release|Any CPU
		{A5173C5F-72D4-4133-88C8-78DF053F2C09}.Release|Any CPU.Build.0 = Release|Any CPU
		{0600C87D-12CC-47A9-BC40-7B6A7B68E217}.Debug|Any CPU.ActiveCfg = Debug|Any CPU
		{0600C87D-12CC-47A9-BC40-7B6A7B68E217}.Debug|Any CPU.Build.0 = Debug|Any CPU
		{0600C87D-12CC-47A9-BC40-7B6A7B68E217}.Release|Any CPU.ActiveCfg = Release|Any CPU
		{0600C87D-12CC-47A9-BC40-7B6A7B68E217}.Release|Any CPU.Build.0 = Release|Any CPU
	EndGlobalSection
	GlobalSection(SolutionProperties) = preSolution
		HideSolutionNode = FALSE
	EndGlobalSection
EndGlobal
